
Microsoft Visual Studio Solution File, Format Version 12.00
# Visual Studio Version 17
VisualStudioVersion = 17.7.34031.279
MinimumVisualStudioVersion = 10.0.40219.1
Project("{FAE04EC0-301F-11D3-BF4B-00C04F79EFBC}") = "DataLayer", "DataLayer\DataLayer.csproj", "{C986BFFC-8153-46CB-816B-366F84DB15C8}"
EndProject
Project("{FAE04EC0-301F-11D3-BF4B-00C04F79EFBC}") = "BusinessLayer", "BusinessLayer\BusinessLayer.csproj", "{77AE091E-1222-489A-9011-58E589FF950F}"
EndProject
Project("{FAE04EC0-301F-11D3-BF4B-00C04F79EFBC}") = "KHO", "KHO\KHO.csproj", "{0984B989-F6D7-487E-89BD-5E8B782F9475}"
EndProject
Global
	GlobalSection(SolutionConfigurationPlatforms) = preSolution
		Debug|Any CPU = Debug|Any CPU
		Release|Any CPU = Release|Any CPU
	EndGlobalSection
	GlobalSection(ProjectConfigurationPlatforms) = postSolution
		{C986BFFC-8153-46CB-816B-366F84DB15C8}.Debug|Any CPU.ActiveCfg = Debug|Any CPU
		{C986BFFC-8153-46CB-816B-366F84DB15C8}.Debug|Any CPU.Build.0 = Debug|Any CPU
		{C986BFFC-8153-46CB-816B-366F84DB15C8}.Release|Any CPU.ActiveCfg = Release|Any CPU
		{C986BFFC-8153-46CB-816B-366F84DB15C8}.Release|Any CPU.Build.0 = Release|Any CPU
		{77AE091E-1222-489A-9011-58E589FF950F}.Debug|Any CPU.ActiveCfg = Debug|Any CPU
		{77AE091E-1222-489A-9011-58E589FF950F}.Debug|Any CPU.Build.0 = Debug|Any CPU
		{77AE091E-1222-489A-9011-58E589FF950F}.Release|Any CPU.ActiveCfg = Release|Any CPU
		{77AE091E-1222-489A-9011-58E589FF950F}.Release|Any CPU.Build.0 = Release|Any CPU
		{0984B989-F6D7-487E-89BD-5E8B782F9475}.Debug|Any CPU.ActiveCfg = Debug|Any CPU
		{0984B989-F6D7-487E-89BD-5E8B782F9475}.Debug|Any CPU.Build.0 = Debug|Any CPU
		{0984B989-F6D7-487E-89BD-5E8B782F9475}.Release|Any CPU.ActiveCfg = Release|Any CPU
		{0984B989-F6D7-487E-89BD-5E8B782F9475}.Release|Any CPU.Build.0 = Release|Any CPU
	EndGlobalSection
	GlobalSection(SolutionProperties) = preSolution
		HideSolutionNode = FALSE
	EndGlobalSection
	GlobalSection(ExtensibilityGlobals) = postSolution
		SolutionGuid = {50053057-3E6F-4E52-A40D-1E64478494C0}
	EndGlobalSection
EndGlobal
